
Microsoft Visual Studio Solution File, Format Version 12.00
# Visual Studio Version 17
VisualStudioVersion = 17.3.32901.215
MinimumVisualStudioVersion = 10.0.40219.1
Project("{FAE04EC0-301F-11D3-BF4B-00C04F79EFBC}") = "Model", "Model\Model.csproj", "{2F32DF14-F61A-4C7B-B9C3-9C2AF7827905}"
EndProject
Project("{9A19103F-16F7-4668-BE54-9A1E7A4F7556}") = "ConsoleApp", "ConsoleApp\ConsoleApp.csproj", "{4631166C-3F4A-4C31-B046-D175F18C9A8D}"
EndProject
Global
	GlobalSection(SolutionConfigurationPlatforms) = preSolution
		Debug|Any CPU = Debug|Any CPU
		Release|Any CPU = Release|Any CPU
	EndGlobalSection
	GlobalSection(ProjectConfigurationPlatforms) = postSolution
		{2F32DF14-F61A-4C7B-B9C3-9C2AF7827905}.Debug|Any CPU.ActiveCfg = Debug|Any CPU
		{2F32DF14-F61A-4C7B-B9C3-9C2AF7827905}.Debug|Any CPU.Build.0 = Debug|Any CPU
		{2F32DF14-F61A-4C7B-B9C3-9C2AF7827905}.Release|Any CPU.ActiveCfg = Release|Any CPU
		{2F32DF14-F61A-4C7B-B9C3-9C2AF7827905}.Release|Any CPU.Build.0 = Release|Any CPU
		{4631166C-3F4A-4C31-B046-D175F18C9A8D}.Debug|Any CPU.ActiveCfg = Debug|Any CPU
		{4631166C-3F4A-4C31-B046-D175F18C9A8D}.Debug|Any CPU.Build.0 = Debug|Any CPU
		{4631166C-3F4A-4C31-B046-D175F18C9A8D}.Release|Any CPU.ActiveCfg = Release|Any CPU
		{4631166C-3F4A-4C31-B046-D175F18C9A8D}.Release|Any CPU.Build.0 = Release|Any CPU
	EndGlobalSection
	GlobalSection(SolutionProperties) = preSolution
		HideSolutionNode = FALSE
	EndGlobalSection
	GlobalSection(ExtensibilityGlobals) = postSolution
		SolutionGuid = {AC80DAB2-A7D8-4815-8411-851B6A4D5622}
	EndGlobalSection
EndGlobal
